
Microsoft Visual Studio Solution File, Format Version 12.00
# Visual Studio Version 16
VisualStudioVersion = 16.0.29709.97
MinimumVisualStudioVersion = 10.0.40219.1
Project("{FAE04EC0-301F-11D3-BF4B-00C04F79EFBC}") = "Password_GUI_Generator", "Password_GUI_Generator.csproj", "{2DACCB1E-9548-4D56-AEC3-59483B01E7D5}"
EndProject
Global
	GlobalSection(SolutionConfigurationPlatforms) = preSolution
		Debug|Any CPU = Debug|Any CPU
		Release|Any CPU = Release|Any CPU
	EndGlobalSection
	GlobalSection(ProjectConfigurationPlatforms) = postSolution
		{2DACCB1E-9548-4D56-AEC3-59483B01E7D5}.Debug|Any CPU.ActiveCfg = Debug|Any CPU
		{2DACCB1E-9548-4D56-AEC3-59483B01E7D5}.Debug|Any CPU.Build.0 = Debug|Any CPU
		{2DACCB1E-9548-4D56-AEC3-59483B01E7D5}.Release|Any CPU.ActiveCfg = Release|Any CPU
		{2DACCB1E-9548-4D56-AEC3-59483B01E7D5}.Release|Any CPU.Build.0 = Release|Any CPU
	EndGlobalSection
	GlobalSection(SolutionProperties) = preSolution
		HideSolutionNode = FALSE
	EndGlobalSection
	GlobalSection(ExtensibilityGlobals) = postSolution
		SolutionGuid = {379B1495-5585-4FD6-BE75-F9BF39FC5F46}
	EndGlobalSection
EndGlobal
